// !$*UTF8*$!
{
	archiveVersion = 1;
	classes = {
	};
	objectVersion = 46;
	objects = {

/* Begin PBXBuildFile section */
		163F9AB41CA7AD5200C1259A /* AppDelegate.swift in Sources */ = {isa = PBXBuildFile; fileRef = 163F9AB31CA7AD5200C1259A /* AppDelegate.swift */; };
		163F9AB61CA7AD5200C1259A /* ViewController.swift in Sources */ = {isa = PBXBuildFile; fileRef = 163F9AB51CA7AD5200C1259A /* ViewController.swift */; };
		163F9AB91CA7AD5200C1259A /* Main.storyboard in Resources */ = {isa = PBXBuildFile; fileRef = 163F9AB71CA7AD5200C1259A /* Main.storyboard */; };
		163F9ABB1CA7AD5200C1259A /* Assets.xcassets in Resources */ = {isa = PBXBuildFile; fileRef = 163F9ABA1CA7AD5200C1259A /* Assets.xcassets */; };
		163F9ABE1CA7AD5200C1259A /* LaunchScreen.storyboard in Resources */ = {isa = PBXBuildFile; fileRef = 163F9ABC1CA7AD5200C1259A /* LaunchScreen.storyboard */; };
		163F9AC91CA7AD5200C1259A /* TestTests.swift in Sources */ = {isa = PBXBuildFile; fileRef = 163F9AC81CA7AD5200C1259A /* TestTests.swift */; };
		163F9AD41CA7AD5200C1259A /* TestUITests.swift in Sources */ = {isa = PBXBuildFile; fileRef = 163F9AD31CA7AD5200C1259A /* TestUITests.swift */; };
/* End PBXBuildFile section */

/* Begin PBXContainerItemProxy section */
		163F9AC51CA7AD5200C1259A /* PBXContainerItemProxy */ = {
			isa = PBXContainerItemProxy;
			containerPortal = 163F9AA81CA7AD5100C1259A /* Project object */;
			proxyType = 1;
			remoteGlobalIDString = 163F9AAF1CA7AD5100C1259A;
			remoteInfo = Test;
		};
		163F9AD01CA7AD5200C1259A /* PBXContainerItemProxy */ = {
			isa = PBXContainerItemProxy;
			containerPortal = 163F9AA81CA7AD5100C1259A /* Project object */;
			proxyType = 1;
			remoteGlobalIDString = 163F9AAF1CA7AD5100C1259A;
			remoteInfo = Test;
		};
/* End PBXContainerItemProxy section */

/* Begin PBXFileReference section */
		163F9AB01CA7AD5200C1259A /* Test.app */ = {isa = PBXFileReference; explicitFileType = wrapper.application; includeInIndex = 0; path = Test.app; sourceTree = BUILT_PRODUCTS_DIR; };
		163F9AB31CA7AD5200C1259A /* AppDelegate.swift */ = {isa = PBXFileReference; lastKnownFileType = sourcecode.swift; path = AppDelegate.swift; sourceTree = "<group>"; };
		163F9AB51CA7AD5200C1259A /* ViewController.swift */ = {isa = PBXFileReference; lastKnownFileType = sourcecode.swift; path = ViewController.swift; sourceTree = "<group>"; };
		163F9AB81CA7AD5200C1259A /* Base */ = {isa = PBXFileReference; lastKnownFileType = file.storyboard; name = Base; path = Base.lproj/Main.storyboard; sourceTree = "<group>"; };
		163F9ABA1CA7AD5200C1259A /* Assets.xcassets */ = {isa = PBXFileReference; lastKnownFileType = folder.assetcatalog; path = Assets.xcassets; sourceTree = "<group>"; };
		163F9ABD1CA7AD5200C1259A /* Base */ = {isa = PBXFileReference; lastKnownFileType = file.storyboard; name = Base; path = Base.lproj/LaunchScreen.storyboard; sourceTree = "<group>"; };
		163F9ABF1CA7AD5200C1259A /* Info.plist */ = {isa = PBXFileReference; lastKnownFileType = text.plist.xml; path = Info.plist; sourceTree = "<group>"; };
		163F9AC41CA7AD5200C1259A /* TestTests.xctest */ = {isa = PBXFileReference; explicitFileType = wrapper.cfbundle; includeInIndex = 0; path = TestTests.xctest; sourceTree = BUILT_PRODUCTS_DIR; };
		163F9AC81CA7AD5200C1259A /* TestTests.swift */ = {isa = PBXFileReference; lastKnownFileType = sourcecode.swift; path = TestTests.swift; sourceTree = "<group>"; };
		163F9ACA1CA7AD5200C1259A /* Info.plist */ = {isa = PBXFileReference; lastKnownFileType = text.plist.xml; path = Info.plist; sourceTree = "<group>"; };
		163F9ACF1CA7AD5200C1259A /* TestUITests.xctest */ = {isa = PBXFileReference; explicitFileType = wrapper.cfbundle; includeInIndex = 0; path = TestUITests.xctest; sourceTree = BUILT_PRODUCTS_DIR; };
		163F9AD31CA7AD5200C1259A /* TestUITests.swift */ = {isa = PBXFileReference; lastKnownFileType = sourcecode.swift; path = TestUITests.swift; sourceTree = "<group>"; };
		163F9AD51CA7AD5200C1259A /* Info.plist */ = {isa = PBXFileReference; lastKnownFileType = text.plist.xml; path = Info.plist; sourceTree = "<group>"; };
/* End PBXFileReference section */

/* Begin PBXFrameworksBuildPhase section */
		163F9AAD1CA7AD5100C1259A /* Frameworks */ = {
			isa = PBXFrameworksBuildPhase;
			buildActionMask = 2147483647;
			files = (
			);
			runOnlyForDeploymentPostprocessing = 0;
		};
		163F9AC11CA7AD5200C1259A /* Frameworks */ = {
			isa = PBXFrameworksBuildPhase;
			buildActionMask = 2147483647;
			files = (
			);
			runOnlyForDeploymentPostprocessing = 0;
		};
		163F9ACC1CA7AD5200C1259A /* Frameworks */ = {
			isa = PBXFrameworksBuildPhase;
			buildActionMask = 2147483647;
			files = (
			);
			runOnlyForDeploymentPostprocessing = 0;
		};
/* End PBXFrameworksBuildPhase section */

/* Begin PBXGroup section */
		163F9AA71CA7AD5100C1259A = {
			isa = PBXGroup;
			children = (
				163F9AB21CA7AD5200C1259A /* Test */,
				163F9AC71CA7AD5200C1259A /* TestTests */,
				163F9AD21CA7AD5200C1259A /* TestUITests */,
				163F9AB11CA7AD5200C1259A /* Products */,
			);
			sourceTree = "<group>";
		};
		163F9AB11CA7AD5200C1259A /* Products */ = {
			isa = PBXGroup;
			children = (
				163F9AB01CA7AD5200C1259A /* Test.app */,
				163F9AC41CA7AD5200C1259A /* TestTests.xctest */,
				163F9ACF1CA7AD5200C1259A /* TestUITests.xctest */,
			);
			name = Products;
			sourceTree = "<group>";
		};
		163F9AB21CA7AD5200C1259A /* Test */ = {
			isa = PBXGroup;
			children = (
				163F9AB31CA7AD5200C1259A /* AppDelegate.swift */,
				163F9AB51CA7AD5200C1259A /* ViewController.swift */,
				163F9AB71CA7AD5200C1259A /* Main.storyboard */,
				163F9ABA1CA7AD5200C1259A /* Assets.xcassets */,
				163F9ABC1CA7AD5200C1259A /* LaunchScreen.storyboard */,
				163F9ABF1CA7AD5200C1259A /* Info.plist */,
			);
			path = Test;
			sourceTree = "<group>";
		};
		163F9AC71CA7AD5200C1259A /* TestTests */ = {
			isa = PBXGroup;
			children = (
				163F9AC81CA7AD5200C1259A /* TestTests.swift */,
				163F9ACA1CA7AD5200C1259A /* Info.plist */,
			);
			path = TestTests;
			sourceTree = "<group>";
		};
		163F9AD21CA7AD5200C1259A /* TestUITests */ = {
			isa = PBXGroup;
			children = (
				163F9AD31CA7AD5200C1259A /* TestUITests.swift */,
				163F9AD51CA7AD5200C1259A /* Info.plist */,
			);
			path = TestUITests;
			sourceTree = "<group>";
		};
/* End PBXGroup section */

/* Begin PBXNativeTarget section */
		163F9AAF1CA7AD5100C1259A /* Test */ = {
			isa = PBXNativeTarget;
			buildConfigurationList = 163F9AD81CA7AD5200C1259A /* Build configuration list for PBXNativeTarget "Test" */;
			buildPhases = (
				163F9AAC1CA7AD5100C1259A /* Sources */,
				163F9AAD1CA7AD5100C1259A /* Frameworks */,
				163F9AAE1CA7AD5100C1259A /* Resources */,
			);
			buildRules = (
			);
			dependencies = (
			);
			name = Test;
			productName = Test;
			productReference = 163F9AB01CA7AD5200C1259A /* Test.app */;
			productType = "com.apple.product-type.application";
		};
		163F9AC31CA7AD5200C1259A /* TestTests */ = {
			isa = PBXNativeTarget;
			buildConfigurationList = 163F9ADB1CA7AD5200C1259A /* Build configuration list for PBXNativeTarget "TestTests" */;
			buildPhases = (
				163F9AC01CA7AD5200C1259A /* Sources */,
				163F9AC11CA7AD5200C1259A /* Frameworks */,
				163F9AC21CA7AD5200C1259A /* Resources */,
			);
			buildRules = (
			);
			dependencies = (
				163F9AC61CA7AD5200C1259A /* PBXTargetDependency */,
			);
			name = TestTests;
			productName = TestTests;
			productReference = 163F9AC41CA7AD5200C1259A /* TestTests.xctest */;
			productType = "com.apple.product-type.bundle.unit-test";
		};
		163F9ACE1CA7AD5200C1259A /* TestUITests */ = {
			isa = PBXNativeTarget;
			buildConfigurationList = 163F9ADE1CA7AD5200C1259A /* Build configuration list for PBXNativeTarget "TestUITests" */;
			buildPhases = (
				163F9ACB1CA7AD5200C1259A /* Sources */,
				163F9ACC1CA7AD5200C1259A /* Frameworks */,
				163F9ACD1CA7AD5200C1259A /* Resources */,
			);
			buildRules = (
			);
			dependencies = (
				163F9AD11CA7AD5200C1259A /* PBXTargetDependency */,
			);
			name = TestUITests;
			productName = TestUITests;
			productReference = 163F9ACF1CA7AD5200C1259A /* TestUITests.xctest */;
			productType = "com.apple.product-type.bundle.ui-testing";
		};
/* End PBXNativeTarget section */

/* Begin PBXProject section */
		163F9AA81CA7AD5100C1259A /* Project object */ = {
			isa = PBXProject;
			attributes = {
				LastSwiftUpdateCheck = 0720;
				LastUpgradeCheck = 0720;
				ORGANIZATIONNAME = "山田 隆司";
				TargetAttributes = {
					163F9AAF1CA7AD5100C1259A = {
						CreatedOnToolsVersion = 7.2.1;
					};
					163F9AC31CA7AD5200C1259A = {
						CreatedOnToolsVersion = 7.2.1;
						TestTargetID = 163F9AAF1CA7AD5100C1259A;
					};
					163F9ACE1CA7AD5200C1259A = {
						CreatedOnToolsVersion = 7.2.1;
						TestTargetID = 163F9AAF1CA7AD5100C1259A;
					};
				};
			};
			buildConfigurationList = 163F9AAB1CA7AD5100C1259A /* Build configuration list for PBXProject "Test" */;
			compatibilityVersion = "Xcode 3.2";
			developmentRegion = English;
			hasScannedForEncodings = 0;
			knownRegions = (
				en,
				Base,
			);
			mainGroup = 163F9AA71CA7AD5100C1259A;
			productRefGroup = 163F9AB11CA7AD5200C1259A /* Products */;
			projectDirPath = "";
			projectRoot = "";
			targets = (
				163F9AAF1CA7AD5100C1259A /* Test */,
				163F9AC31CA7AD5200C1259A /* TestTests */,
				163F9ACE1CA7AD5200C1259A /* TestUITests */,
			);
		};
/* End PBXProject section */

/* Begin PBXResourcesBuildPhase section */
		163F9AAE1CA7AD5100C1259A /* Resources */ = {
			isa = PBXResourcesBuildPhase;
			buildActionMask = 2147483647;
			files = (
				163F9ABE1CA7AD5200C1259A /* LaunchScreen.storyboard in Resources */,
				163F9ABB1CA7AD5200C1259A /* Assets.xcassets in Resources */,
				163F9AB91CA7AD5200C1259A /* Main.storyboard in Resources */,
			);
			runOnlyForDeploymentPostprocessing = 0;
		};
		163F9AC21CA7AD5200C1259A /* Resources */ = {
			isa = PBXResourcesBuildPhase;
			buildActionMask = 2147483647;
			files = (
			);
			runOnlyForDeploymentPostprocessing = 0;
		};
		163F9ACD1CA7AD5200C1259A /* Resources */ = {
			isa = PBXResourcesBuildPhase;
			buildActionMask = 2147483647;
			files = (
			);
			runOnlyForDeploymentPostprocessing = 0;
		};
/* End PBXResourcesBuildPhase section */

/* Begin PBXSourcesBuildPhase section */
		163F9AAC1CA7AD5100C1259A /* Sources */ = {
			isa = PBXSourcesBuildPhase;
			buildActionMask = 2147483647;
			files = (
				163F9AB61CA7AD5200C1259A /* ViewController.swift in Sources */,
				163F9AB41CA7AD5200C1259A /* AppDelegate.swift in Sources */,
			);
			runOnlyForDeploymentPostprocessing = 0;
		};
		163F9AC01CA7AD5200C1259A /* Sources */ = {
			isa = PBXSourcesBuildPhase;
			buildActionMask = 2147483647;
			files = (
				163F9AC91CA7AD5200C1259A /* TestTests.swift in Sources */,
			);
			runOnlyForDeploymentPostprocessing = 0;
		};
		163F9ACB1CA7AD5200C1259A /* Sources */ = {
			isa = PBXSourcesBuildPhase;
			buildActionMask = 2147483647;
			files = (
				163F9AD41CA7AD5200C1259A /* TestUITests.swift in Sources */,
			);
			runOnlyForDeploymentPostprocessing = 0;
		};
/* End PBXSourcesBuildPhase section */

/* Begin PBXTargetDependency section */
		163F9AC61CA7AD5200C1259A /* PBXTargetDependency */ = {
			isa = PBXTargetDependency;
			target = 163F9AAF1CA7AD5100C1259A /* Test */;
			targetProxy = 163F9AC51CA7AD5200C1259A /* PBXContainerItemProxy */;
		};
		163F9AD11CA7AD5200C1259A /* PBXTargetDependency */ = {
			isa = PBXTargetDependency;
			target = 163F9AAF1CA7AD5100C1259A /* Test */;
			targetProxy = 163F9AD01CA7AD5200C1259A /* PBXContainerItemProxy */;
		};
/* End PBXTargetDependency section */

/* Begin PBXVariantGroup section */
		163F9AB71CA7AD5200C1259A /* Main.storyboard */ = {
			isa = PBXVariantGroup;
			children = (
				163F9AB81CA7AD5200C1259A /* Base */,
			);
			name = Main.storyboard;
			sourceTree = "<group>";
		};
		163F9ABC1CA7AD5200C1259A /* LaunchScreen.storyboard */ = {
			isa = PBXVariantGroup;
			children = (
				163F9ABD1CA7AD5200C1259A /* Base */,
			);
			name = LaunchScreen.storyboard;
			sourceTree = "<group>";
		};
/* End PBXVariantGroup section */

/* Begin XCBuildConfiguration section */
		163F9AD61CA7AD5200C1259A /* Debug */ = {
			isa = XCBuildConfiguration;
			buildSettings = {
				ALWAYS_SEARCH_USER_PATHS = NO;
				CLANG_CXX_LANGUAGE_STANDARD = "gnu++0x";
				CLANG_CXX_LIBRARY = "libc++";
				CLANG_ENABLE_MODULES = YES;
				CLANG_ENABLE_OBJC_ARC = YES;
				CLANG_WARN_BOOL_CONVERSION = YES;
				CLANG_WARN_CONSTANT_CONVERSION = YES;
				CLANG_WARN_DIRECT_OBJC_ISA_USAGE = YES_ERROR;
				CLANG_WARN_EMPTY_BODY = YES;
				CLANG_WARN_ENUM_CONVERSION = YES;
				CLANG_WARN_INT_CONVERSION = YES;
				CLANG_WARN_OBJC_ROOT_CLASS = YES_ERROR;
				CLANG_WARN_UNREACHABLE_CODE = YES;
				CLANG_WARN__DUPLICATE_METHOD_MATCH = YES;
				"CODE_SIGN_IDENTITY[sdk=iphoneos*]" = "iPhone Developer";
				COPY_PHASE_STRIP = NO;
				DEBUG_INFORMATION_FORMAT = dwarf;
				ENABLE_STRICT_OBJC_MSGSEND = YES;
				ENABLE_TESTABILITY = YES;
				GCC_C_LANGUAGE_STANDARD = gnu99;
				GCC_DYNAMIC_NO_PIC = NO;
				GCC_NO_COMMON_BLOCKS = YES;
				GCC_OPTIMIZATION_LEVEL = 0;
				GCC_PREPROCESSOR_DEFINITIONS = (
					"DEBUG=1",
					"$(inherited)",
				);
				GCC_WARN_64_TO_32_BIT_CONVERSION = YES;
				GCC_WARN_ABOUT_RETURN_TYPE = YES_ERROR;
				GCC_WARN_UNDECLARED_SELECTOR = YES;
				GCC_WARN_UNINITIALIZED_AUTOS = YES_AGGRESSIVE;
				GCC_WARN_UNUSED_FUNCTION = YES;
				GCC_WARN_UNUSED_VARIABLE = YES;
				IPHONEOS_DEPLOYMENT_TARGET = 9.2;
				MTL_ENABLE_DEBUG_INFO = YES;
				ONLY_ACTIVE_ARCH = YES;
				SDKROOT = iphoneos;
				SWIFT_OPTIMIZATION_LEVEL = "-Onone";
				TARGETED_DEVICE_FAMILY = "1,2";
			};
			name = Debug;
		};
		163F9AD71CA7AD5200C1259A /* Release */ = {
			isa = XCBuildConfiguration;
			buildSettings = {
				ALWAYS_SEARCH_USER_PATHS = NO;
				CLANG_CXX_LANGUAGE_STANDARD = "gnu++0x";
				CLANG_CXX_LIBRARY = "libc++";
				CLANG_ENABLE_MODULES = YES;
				CLANG_ENABLE_OBJC_ARC = YES;
				CLANG_WARN_BOOL_CONVERSION = YES;
				CLANG_WARN_CONSTANT_CONVERSION = YES;
				CLANG_WARN_DIRECT_OBJC_ISA_USAGE = YES_ERROR;
				CLANG_WARN_EMPTY_BODY = YES;
				CLANG_WARN_ENUM_CONVERSION = YES;
				CLANG_WARN_INT_CONVERSION = YES;
				CLANG_WARN_OBJC_ROOT_CLASS = YES_ERROR;
				CLANG_WARN_UNREACHABLE_CODE = YES;
				CLANG_WARN__DUPLICATE_METHOD_MATCH = YES;
				"CODE_SIGN_IDENTITY[sdk=iphoneos*]" = "iPhone Developer";
				COPY_PHASE_STRIP = NO;
				DEBUG_INFORMATION_FORMAT = "dwarf-with-dsym";
				ENABLE_NS_ASSERTIONS = NO;
				ENABLE_STRICT_OBJC_MSGSEND = YES;
				GCC_C_LANGUAGE_STANDARD = gnu99;
				GCC_NO_COMMON_BLOCKS = YES;
				GCC_WARN_64_TO_32_BIT_CONVERSION = YES;
				GCC_WARN_ABOUT_RETURN_TYPE = YES_ERROR;
				GCC_WARN_UNDECLARED_SELECTOR = YES;
				GCC_WARN_UNINITIALIZED_AUTOS = YES_AGGRESSIVE;
				GCC_WARN_UNUSED_FUNCTION = YES;
				GCC_WARN_UNUSED_VARIABLE = YES;
				IPHONEOS_DEPLOYMENT_TARGET = 9.2;
				MTL_ENABLE_DEBUG_INFO = NO;
				SDKROOT = iphoneos;
				TARGETED_DEVICE_FAMILY = "1,2";
				VALIDATE_PRODUCT = YES;
			};
			name = Release;
		};
		163F9AD91CA7AD5200C1259A /* Debug */ = {
			isa = XCBuildConfiguration;
			buildSettings = {
				ASSETCATALOG_COMPILER_APPICON_NAME = AppIcon;
				INFOPLIST_FILE = Test/Info.plist;
				LD_RUNPATH_SEARCH_PATHS = "$(inherited) @executable_path/Frameworks";
				PRODUCT_BUNDLE_IDENTIFIER = Takashi.Test;
				PRODUCT_NAME = "$(TARGET_NAME)";
			};
			name = Debug;
		};
		163F9ADA1CA7AD5200C1259A /* Release */ = {
			isa = XCBuildConfiguration;
			buildSettings = {
				ASSETCATALOG_COMPILER_APPICON_NAME = AppIcon;
				INFOPLIST_FILE = Test/Info.plist;
				LD_RUNPATH_SEARCH_PATHS = "$(inherited) @executable_path/Frameworks";
				PRODUCT_BUNDLE_IDENTIFIER = Takashi.Test;
				PRODUCT_NAME = "$(TARGET_NAME)";
			};
			name = Release;
		};
		163F9ADC1CA7AD5200C1259A /* Debug */ = {
			isa = XCBuildConfiguration;
			buildSettings = {
				BUNDLE_LOADER = "$(TEST_HOST)";
				INFOPLIST_FILE = TestTests/Info.plist;
				LD_RUNPATH_SEARCH_PATHS = "$(inherited) @executable_path/Frameworks @loader_path/Frameworks";
				PRODUCT_BUNDLE_IDENTIFIER = Takashi.TestTests;
				PRODUCT_NAME = "$(TARGET_NAME)";
				TEST_HOST = "$(BUILT_PRODUCTS_DIR)/Test.app/Test";
			};
			name = Debug;
		};
		163F9ADD1CA7AD5200C1259A /* Release */ = {
			isa = XCBuildConfiguration;
			buildSettings = {
				BUNDLE_LOADER = "$(TEST_HOST)";
				INFOPLIST_FILE = TestTests/Info.plist;
				LD_RUNPATH_SEARCH_PATHS = "$(inherited) @executable_path/Frameworks @loader_path/Frameworks";
				PRODUCT_BUNDLE_IDENTIFIER = Takashi.TestTests;
				PRODUCT_NAME = "$(TARGET_NAME)";
				TEST_HOST = "$(BUILT_PRODUCTS_DIR)/Test.app/Test";
			};
			name = Release;
		};
		163F9ADF1CA7AD5200C1259A /* Debug */ = {
			isa = XCBuildConfiguration;
			buildSettings = {
				INFOPLIST_FILE = TestUITests/Info.plist;
				LD_RUNPATH_SEARCH_PATHS = "$(inherited) @executable_path/Frameworks @loader_path/Frameworks";
				PRODUCT_BUNDLE_IDENTIFIER = Takashi.TestUITests;
				PRODUCT_NAME = "$(TARGET_NAME)";
				TEST_TARGET_NAME = Test;
				USES_XCTRUNNER = YES;
			};
			name = Debug;
		};
		163F9AE01CA7AD5200C1259A /* Release */ = {
			isa = XCBuildConfiguration;
			buildSettings = {
				INFOPLIST_FILE = TestUITests/Info.plist;
				LD_RUNPATH_SEARCH_PATHS = "$(inherited) @executable_path/Frameworks @loader_path/Frameworks";
				PRODUCT_BUNDLE_IDENTIFIER = Takashi.TestUITests;
				PRODUCT_NAME = "$(TARGET_NAME)";
				TEST_TARGET_NAME = Test;
				USES_XCTRUNNER = YES;
			};
			name = Release;
		};
/* End XCBuildConfiguration section */

/* Begin XCConfigurationList section */
		163F9AAB1CA7AD5100C1259A /* Build configuration list for PBXProject "Test" */ = {
			isa = XCConfigurationList;
			buildConfigurations = (
				163F9AD61CA7AD5200C1259A /* Debug */,
				163F9AD71CA7AD5200C1259A /* Release */,
			);
			defaultConfigurationIsVisible = 0;
			defaultConfigurationName = Release;
		};
		163F9AD81CA7AD5200C1259A /* Build configuration list for PBXNativeTarget "Test" */ = {
			isa = XCConfigurationList;
			buildConfigurations = (
				163F9AD91CA7AD5200C1259A /* Debug */,
				163F9ADA1CA7AD5200C1259A /* Release */,
			);
			defaultConfigurationIsVisible = 0;
		};
		163F9ADB1CA7AD5200C1259A /* Build configuration list for PBXNativeTarget "TestTests" */ = {
			isa = XCConfigurationList;
			buildConfigurations = (
				163F9ADC1CA7AD5200C1259A /* Debug */,
				163F9ADD1CA7AD5200C1259A /* Release */,
			);
			defaultConfigurationIsVisible = 0;
		};
		163F9ADE1CA7AD5200C1259A /* Build configuration list for PBXNativeTarget "TestUITests" */ = {
			isa = XCConfigurationList;
			buildConfigurations = (
				163F9ADF1CA7AD5200C1259A /* Debug */,
				163F9AE01CA7AD5200C1259A /* Release */,
			);
			defaultConfigurationIsVisible = 0;
		};
/* End XCConfigurationList section */
	};
	rootObject = 163F9AA81CA7AD5100C1259A /* Project object */;
}
